
Microsoft Visual Studio Solution File, Format Version 12.00
# Visual Studio 2012
Project("{FAE04EC0-301F-11D3-BF4B-00C04F79EFBC}") = "WeiZhi3", "WeiZhi3\WeiZhi3.csproj", "{000ACCF0-97C6-403F-ADBC-4E5DF250BC70}"
EndProject
Project("{FAE04EC0-301F-11D3-BF4B-00C04F79EFBC}") = "Weibo.DataModel", "Weibo.DataModel\Weibo.DataModel.csproj", "{393970FB-DE51-42D0-B79C-C6BA5B95C946}"
EndProject
Project("{FAE04EC0-301F-11D3-BF4B-00C04F79EFBC}") = "Weibo.Apis", "Weibo.Apis\Weibo.Apis.csproj", "{788D0D98-63A2-4DB0-87A6-4AA933F6A31F}"
EndProject
Project("{FAE04EC0-301F-11D3-BF4B-00C04F79EFBC}") = "Weibo.Api2", "Weibo.Api2\Weibo.Api2.csproj", "{F150567B-1A4B-47DC-B1C1-DFB523EE639C}"
EndProject
Project("{FAE04EC0-301F-11D3-BF4B-00C04F79EFBC}") = "Weibo.ViewModels", "Weibo.ViewModels\Weibo.ViewModels.csproj", "{73404F1E-DD06-4399-A4DB-CDBCD606E244}"
EndProject
Global
	GlobalSection(SolutionConfigurationPlatforms) = preSolution
		Debug|Any CPU = Debug|Any CPU
		Release|Any CPU = Release|Any CPU
	EndGlobalSection
	GlobalSection(ProjectConfigurationPlatforms) = postSolution
		{000ACCF0-97C6-403F-ADBC-4E5DF250BC70}.Debug|Any CPU.ActiveCfg = Debug|Any CPU
		{000ACCF0-97C6-403F-ADBC-4E5DF250BC70}.Debug|Any CPU.Build.0 = Debug|Any CPU
		{000ACCF0-97C6-403F-ADBC-4E5DF250BC70}.Release|Any CPU.ActiveCfg = Release|Any CPU
		{000ACCF0-97C6-403F-ADBC-4E5DF250BC70}.Release|Any CPU.Build.0 = Release|Any CPU
		{393970FB-DE51-42D0-B79C-C6BA5B95C946}.Debug|Any CPU.ActiveCfg = Debug|Any CPU
		{393970FB-DE51-42D0-B79C-C6BA5B95C946}.Debug|Any CPU.Build.0 = Debug|Any CPU
		{393970FB-DE51-42D0-B79C-C6BA5B95C946}.Release|Any CPU.ActiveCfg = Release|Any CPU
		{393970FB-DE51-42D0-B79C-C6BA5B95C946}.Release|Any CPU.Build.0 = Release|Any CPU
		{788D0D98-63A2-4DB0-87A6-4AA933F6A31F}.Debug|Any CPU.ActiveCfg = Debug|Any CPU
		{788D0D98-63A2-4DB0-87A6-4AA933F6A31F}.Debug|Any CPU.Build.0 = Debug|Any CPU
		{788D0D98-63A2-4DB0-87A6-4AA933F6A31F}.Release|Any CPU.ActiveCfg = Release|Any CPU
		{788D0D98-63A2-4DB0-87A6-4AA933F6A31F}.Release|Any CPU.Build.0 = Release|Any CPU
		{F150567B-1A4B-47DC-B1C1-DFB523EE639C}.Debug|Any CPU.ActiveCfg = Debug|Any CPU
		{F150567B-1A4B-47DC-B1C1-DFB523EE639C}.Debug|Any CPU.Build.0 = Debug|Any CPU
		{F150567B-1A4B-47DC-B1C1-DFB523EE639C}.Release|Any CPU.ActiveCfg = Release|Any CPU
		{F150567B-1A4B-47DC-B1C1-DFB523EE639C}.Release|Any CPU.Build.0 = Release|Any CPU
		{73404F1E-DD06-4399-A4DB-CDBCD606E244}.Debug|Any CPU.ActiveCfg = Debug|Any CPU
		{73404F1E-DD06-4399-A4DB-CDBCD606E244}.Debug|Any CPU.Build.0 = Debug|Any CPU
		{73404F1E-DD06-4399-A4DB-CDBCD606E244}.Release|Any CPU.ActiveCfg = Release|Any CPU
		{73404F1E-DD06-4399-A4DB-CDBCD606E244}.Release|Any CPU.Build.0 = Release|Any CPU
	EndGlobalSection
	GlobalSection(SolutionProperties) = preSolution
		HideSolutionNode = FALSE
	EndGlobalSection
EndGlobal
